
Microsoft Visual Studio Solution File, Format Version 12.00
# Visual Studio Version 17
VisualStudioVersion = 17.3.32922.545
MinimumVisualStudioVersion = 10.0.40219.1
Project("{8BC9CEB8-8B4A-11D0-8D11-00A0C91BC942}") = "FunctionsLibrary", "FunctionsLibrary\FunctionsLibrary.vcxproj", "{559ACFFE-0C03-42E1-B9E3-8FF251B44676}"
EndProject
Project("{8BC9CEB8-8B4A-11D0-8D11-00A0C91BC942}") = "FunctionsTest", "FunctionsTest\FunctionsTest.vcxproj", "{14702966-0626-4790-9AA5-5B75181019FB}"
EndProject
Global
	GlobalSection(SolutionConfigurationPlatforms) = preSolution
		Debug|x64 = Debug|x64
		Debug|x86 = Debug|x86
		Release|x64 = Release|x64
		Release|x86 = Release|x86
	EndGlobalSection
	GlobalSection(ProjectConfigurationPlatforms) = postSolution
		{559ACFFE-0C03-42E1-B9E3-8FF251B44676}.Debug|x64.ActiveCfg = Debug|x64
		{559ACFFE-0C03-42E1-B9E3-8FF251B44676}.Debug|x64.Build.0 = Debug|x64
		{559ACFFE-0C03-42E1-B9E3-8FF251B44676}.Debug|x86.ActiveCfg = Debug|Win32
		{559ACFFE-0C03-42E1-B9E3-8FF251B44676}.Debug|x86.Build.0 = Debug|Win32
		{559ACFFE-0C03-42E1-B9E3-8FF251B44676}.Release|x64.ActiveCfg = Release|x64
		{559ACFFE-0C03-42E1-B9E3-8FF251B44676}.Release|x64.Build.0 = Release|x64
		{559ACFFE-0C03-42E1-B9E3-8FF251B44676}.Release|x86.ActiveCfg = Release|Win32
		{559ACFFE-0C03-42E1-B9E3-8FF251B44676}.Release|x86.Build.0 = Release|Win32
		{14702966-0626-4790-9AA5-5B75181019FB}.Debug|x64.ActiveCfg = Debug|x64
		{14702966-0626-4790-9AA5-5B75181019FB}.Debug|x64.Build.0 = Debug|x64
		{14702966-0626-4790-9AA5-5B75181019FB}.Debug|x86.ActiveCfg = Debug|Win32
		{14702966-0626-4790-9AA5-5B75181019FB}.Debug|x86.Build.0 = Debug|Win32
		{14702966-0626-4790-9AA5-5B75181019FB}.Release|x64.ActiveCfg = Release|x64
		{14702966-0626-4790-9AA5-5B75181019FB}.Release|x64.Build.0 = Release|x64
		{14702966-0626-4790-9AA5-5B75181019FB}.Release|x86.ActiveCfg = Release|Win32
		{14702966-0626-4790-9AA5-5B75181019FB}.Release|x86.Build.0 = Release|Win32
	EndGlobalSection
	GlobalSection(SolutionProperties) = preSolution
		HideSolutionNode = FALSE
	EndGlobalSection
	GlobalSection(ExtensibilityGlobals) = postSolution
		SolutionGuid = {48B21FED-3073-4C36-A0AE-8468C9238F4D}
	EndGlobalSection
EndGlobal
